
Microsoft Visual Studio Solution File, Format Version 12.00
# Visual Studio Version 16
VisualStudioVersion = 16.0.29519.181
MinimumVisualStudioVersion = 10.0.40219.1
Project("{FAE04EC0-301F-11D3-BF4B-00C04F79EFBC}") = "app 6", "app 6\app 6.csproj", "{8603B4DD-B091-43F9-B50D-4794B56360FD}"
EndProject
Global
	GlobalSection(SolutionConfigurationPlatforms) = preSolution
		Debug|Any CPU = Debug|Any CPU
		Release|Any CPU = Release|Any CPU
	EndGlobalSection
	GlobalSection(ProjectConfigurationPlatforms) = postSolution
		{8603B4DD-B091-43F9-B50D-4794B56360FD}.Debug|Any CPU.ActiveCfg = Debug|Any CPU
		{8603B4DD-B091-43F9-B50D-4794B56360FD}.Debug|Any CPU.Build.0 = Debug|Any CPU
		{8603B4DD-B091-43F9-B50D-4794B56360FD}.Release|Any CPU.ActiveCfg = Release|Any CPU
		{8603B4DD-B091-43F9-B50D-4794B56360FD}.Release|Any CPU.Build.0 = Release|Any CPU
	EndGlobalSection
	GlobalSection(SolutionProperties) = preSolution
		HideSolutionNode = FALSE
	EndGlobalSection
	GlobalSection(ExtensibilityGlobals) = postSolution
		SolutionGuid = {2A3CC992-B2CD-49AA-B367-7E6A52F3FB68}
	EndGlobalSection
EndGlobal
